
Microsoft Visual Studio Solution File, Format Version 12.00
# Visual Studio Version 16
VisualStudioVersion = 16.0.30413.136
MinimumVisualStudioVersion = 10.0.40219.1
Project("{FAE04EC0-301F-11D3-BF4B-00C04F79EFBC}") = "LeetCodeRomanumerals", "LeetCodeRomanumerals\LeetCodeRomanumerals.csproj", "{ABF0B79F-2941-4A99-AE1D-E3F97C1F1A1E}"
EndProject
Global
	GlobalSection(SolutionConfigurationPlatforms) = preSolution
		Debug|Any CPU = Debug|Any CPU
		Release|Any CPU = Release|Any CPU
	EndGlobalSection
	GlobalSection(ProjectConfigurationPlatforms) = postSolution
		{ABF0B79F-2941-4A99-AE1D-E3F97C1F1A1E}.Debug|Any CPU.ActiveCfg = Debug|Any CPU
		{ABF0B79F-2941-4A99-AE1D-E3F97C1F1A1E}.Debug|Any CPU.Build.0 = Debug|Any CPU
		{ABF0B79F-2941-4A99-AE1D-E3F97C1F1A1E}.Release|Any CPU.ActiveCfg = Release|Any CPU
		{ABF0B79F-2941-4A99-AE1D-E3F97C1F1A1E}.Release|Any CPU.Build.0 = Release|Any CPU
	EndGlobalSection
	GlobalSection(SolutionProperties) = preSolution
		HideSolutionNode = FALSE
	EndGlobalSection
	GlobalSection(ExtensibilityGlobals) = postSolution
		SolutionGuid = {EF2E5952-EF3D-44D0-889C-B06EC458B43A}
	EndGlobalSection
EndGlobal
