
Microsoft Visual Studio Solution File, Format Version 12.00
# Visual Studio Version 16
VisualStudioVersion = 16.0.30413.136
MinimumVisualStudioVersion = 10.0.40219.1
Project("{FAE04EC0-301F-11D3-BF4B-00C04F79EFBC}") = "LeetCode_Longest_Prefix2", "LeetCode_Longest_Prefix2\LeetCode_Longest_Prefix2.csproj", "{82002CB8-915F-4010-B3DD-9A222F790024}"
EndProject
Global
	GlobalSection(SolutionConfigurationPlatforms) = preSolution
		Debug|Any CPU = Debug|Any CPU
		Release|Any CPU = Release|Any CPU
	EndGlobalSection
	GlobalSection(ProjectConfigurationPlatforms) = postSolution
		{82002CB8-915F-4010-B3DD-9A222F790024}.Debug|Any CPU.ActiveCfg = Debug|Any CPU
		{82002CB8-915F-4010-B3DD-9A222F790024}.Debug|Any CPU.Build.0 = Debug|Any CPU
		{82002CB8-915F-4010-B3DD-9A222F790024}.Release|Any CPU.ActiveCfg = Release|Any CPU
		{82002CB8-915F-4010-B3DD-9A222F790024}.Release|Any CPU.Build.0 = Release|Any CPU
	EndGlobalSection
	GlobalSection(SolutionProperties) = preSolution
		HideSolutionNode = FALSE
	EndGlobalSection
	GlobalSection(ExtensibilityGlobals) = postSolution
		SolutionGuid = {A9919104-E8E3-40F9-8F6B-712A3052836B}
	EndGlobalSection
EndGlobal
