
Microsoft Visual Studio Solution File, Format Version 12.00
# Visual Studio Version 16
VisualStudioVersion = 16.0.30413.136
MinimumVisualStudioVersion = 10.0.40219.1
Project("{FAE04EC0-301F-11D3-BF4B-00C04F79EFBC}") = "Leet_Code_RomanNumberals2", "Leet_Code_RomanNumberals2\Leet_Code_RomanNumberals2.csproj", "{B23CAA38-186D-485D-A4DC-E325124429FF}"
EndProject
Global
	GlobalSection(SolutionConfigurationPlatforms) = preSolution
		Debug|Any CPU = Debug|Any CPU
		Release|Any CPU = Release|Any CPU
	EndGlobalSection
	GlobalSection(ProjectConfigurationPlatforms) = postSolution
		{B23CAA38-186D-485D-A4DC-E325124429FF}.Debug|Any CPU.ActiveCfg = Debug|Any CPU
		{B23CAA38-186D-485D-A4DC-E325124429FF}.Debug|Any CPU.Build.0 = Debug|Any CPU
		{B23CAA38-186D-485D-A4DC-E325124429FF}.Release|Any CPU.ActiveCfg = Release|Any CPU
		{B23CAA38-186D-485D-A4DC-E325124429FF}.Release|Any CPU.Build.0 = Release|Any CPU
	EndGlobalSection
	GlobalSection(SolutionProperties) = preSolution
		HideSolutionNode = FALSE
	EndGlobalSection
	GlobalSection(ExtensibilityGlobals) = postSolution
		SolutionGuid = {9B96A9EA-0D3C-406E-9E02-15D78C08233D}
	EndGlobalSection
EndGlobal
